
Microsoft Visual Studio Solution File, Format Version 12.00
# Visual Studio Version 17
VisualStudioVersion = 17.3.32922.545
MinimumVisualStudioVersion = 10.0.40219.1
Project("{FAE04EC0-301F-11D3-BF4B-00C04F79EFBC}") = "PiplineTest", "PiplineTest\PiplineTest.csproj", "{FD11FFD6-E3CD-4A6C-B69F-713890BAC8A8}"
EndProject
Global
	GlobalSection(SolutionConfigurationPlatforms) = preSolution
		Debug|Any CPU = Debug|Any CPU
		Release|Any CPU = Release|Any CPU
	EndGlobalSection
	GlobalSection(ProjectConfigurationPlatforms) = postSolution
		{FD11FFD6-E3CD-4A6C-B69F-713890BAC8A8}.Debug|Any CPU.ActiveCfg = Debug|Any CPU
		{FD11FFD6-E3CD-4A6C-B69F-713890BAC8A8}.Debug|Any CPU.Build.0 = Debug|Any CPU
		{FD11FFD6-E3CD-4A6C-B69F-713890BAC8A8}.Release|Any CPU.ActiveCfg = Release|Any CPU
		{FD11FFD6-E3CD-4A6C-B69F-713890BAC8A8}.Release|Any CPU.Build.0 = Release|Any CPU
	EndGlobalSection
	GlobalSection(SolutionProperties) = preSolution
		HideSolutionNode = FALSE
	EndGlobalSection
	GlobalSection(ExtensibilityGlobals) = postSolution
		SolutionGuid = {C177DF5C-732E-4C1B-B8B7-0B1FF09A489E}
	EndGlobalSection
EndGlobal
